
Microsoft Visual Studio Solution File, Format Version 12.00
# Visual Studio 15
VisualStudioVersion = 15.0.28307.102
MinimumVisualStudioVersion = 10.0.40219.1
Project("{FAE04EC0-301F-11D3-BF4B-00C04F79EFBC}") = "RandomJokes.Web", "RandomJokes.Web\RandomJokes.Web.csproj", "{12E62226-62CB-468E-9E36-E708728170AD}"
EndProject
Project("{FAE04EC0-301F-11D3-BF4B-00C04F79EFBC}") = "RandomJokes.Data", "RandomJokes.Data\RandomJokes.Data.csproj", "{3481DB09-867D-464A-B10F-6D83D69F5617}"
EndProject
Global
	GlobalSection(SolutionConfigurationPlatforms) = preSolution
		Debug|Any CPU = Debug|Any CPU
		Release|Any CPU = Release|Any CPU
	EndGlobalSection
	GlobalSection(ProjectConfigurationPlatforms) = postSolution
		{12E62226-62CB-468E-9E36-E708728170AD}.Debug|Any CPU.ActiveCfg = Debug|Any CPU
		{12E62226-62CB-468E-9E36-E708728170AD}.Debug|Any CPU.Build.0 = Debug|Any CPU
		{12E62226-62CB-468E-9E36-E708728170AD}.Release|Any CPU.ActiveCfg = Release|Any CPU
		{12E62226-62CB-468E-9E36-E708728170AD}.Release|Any CPU.Build.0 = Release|Any CPU
		{3481DB09-867D-464A-B10F-6D83D69F5617}.Debug|Any CPU.ActiveCfg = Debug|Any CPU
		{3481DB09-867D-464A-B10F-6D83D69F5617}.Debug|Any CPU.Build.0 = Debug|Any CPU
		{3481DB09-867D-464A-B10F-6D83D69F5617}.Release|Any CPU.ActiveCfg = Release|Any CPU
		{3481DB09-867D-464A-B10F-6D83D69F5617}.Release|Any CPU.Build.0 = Release|Any CPU
	EndGlobalSection
	GlobalSection(SolutionProperties) = preSolution
		HideSolutionNode = FALSE
	EndGlobalSection
	GlobalSection(ExtensibilityGlobals) = postSolution
		SolutionGuid = {B28963DF-F886-4D9E-A432-535330B2E845}
	EndGlobalSection
EndGlobal
